// !$*UTF8*$!
{
	archiveVersion = 1;
	classes = {
	};
	objectVersion = 56;
	objects = {

/* Begin PBXBuildFile section */
		053A84C02BEB160400952598 /* AppDelegate.swift in Sources */ = {isa = PBXBuildFile; fileRef = 053A84BF2BEB160400952598 /* AppDelegate.swift */; };
		053A84C22BEB160400952598 /* SceneDelegate.swift in Sources */ = {isa = PBXBuildFile; fileRef = 053A84C12BEB160400952598 /* SceneDelegate.swift */; };
		053A84C42BEB160400952598 /* TravelLocationsMapViewController.swift in Sources */ = {isa = PBXBuildFile; fileRef = 053A84C32BEB160400952598 /* TravelLocationsMapViewController.swift */; };
		053A84C72BEB160400952598 /* Base in Resources */ = {isa = PBXBuildFile; fileRef = 053A84C62BEB160400952598 /* Base */; };
		053A84CA2BEB160400952598 /* Virtual_Tourist.xcdatamodeld in Sources */ = {isa = PBXBuildFile; fileRef = 053A84C82BEB160400952598 /* Virtual_Tourist.xcdatamodeld */; };
		053A84CC2BEB160500952598 /* Assets.xcassets in Resources */ = {isa = PBXBuildFile; fileRef = 053A84CB2BEB160500952598 /* Assets.xcassets */; };
		053A84CF2BEB160500952598 /* Base in Resources */ = {isa = PBXBuildFile; fileRef = 053A84CE2BEB160500952598 /* Base */; };
		053A84DA2BEB176F00952598 /* PhotoAlbumViewController.swift in Sources */ = {isa = PBXBuildFile; fileRef = 053A84D92BEB176F00952598 /* PhotoAlbumViewController.swift */; };
		053A84DC2BEB1A1900952598 /* DataController.swift in Sources */ = {isa = PBXBuildFile; fileRef = 053A84DB2BEB1A1900952598 /* DataController.swift */; };
		053A84E02BEB219F00952598 /* PhotoAlbumCell.swift in Sources */ = {isa = PBXBuildFile; fileRef = 053A84DF2BEB219F00952598 /* PhotoAlbumCell.swift */; };
		053A84E82BEB2B9800952598 /* VirtualTouristClient.swift in Sources */ = {isa = PBXBuildFile; fileRef = 053A84E72BEB2B9800952598 /* VirtualTouristClient.swift */; };
		0546C51C2BEB6BE8002A76D9 /* Pin.swift in Sources */ = {isa = PBXBuildFile; fileRef = 0546C51B2BEB6BE8002A76D9 /* Pin.swift */; };
		56C36709C49569102ABF23C8 /* Pods_Virtual_Tourist.framework in Frameworks */ = {isa = PBXBuildFile; fileRef = 51C40D72E48FAFB1EBAA0603 /* Pods_Virtual_Tourist.framework */; };
/* End PBXBuildFile section */

/* Begin PBXFileReference section */
		053A84BC2BEB160400952598 /* Virtual Tourist.app */ = {isa = PBXFileReference; explicitFileType = wrapper.application; includeInIndex = 0; path = "Virtual Tourist.app"; sourceTree = BUILT_PRODUCTS_DIR; };
		053A84BF2BEB160400952598 /* AppDelegate.swift */ = {isa = PBXFileReference; lastKnownFileType = sourcecode.swift; path = AppDelegate.swift; sourceTree = "<group>"; };
		053A84C12BEB160400952598 /* SceneDelegate.swift */ = {isa = PBXFileReference; lastKnownFileType = sourcecode.swift; path = SceneDelegate.swift; sourceTree = "<group>"; };
		053A84C32BEB160400952598 /* TravelLocationsMapViewController.swift */ = {isa = PBXFileReference; lastKnownFileType = sourcecode.swift; path = TravelLocationsMapViewController.swift; sourceTree = "<group>"; };
		053A84C62BEB160400952598 /* Base */ = {isa = PBXFileReference; lastKnownFileType = file.storyboard; name = Base; path = Base.lproj/Main.storyboard; sourceTree = "<group>"; };
		053A84C92BEB160400952598 /* Virtual_Tourist.xcdatamodel */ = {isa = PBXFileReference; lastKnownFileType = wrapper.xcdatamodel; path = Virtual_Tourist.xcdatamodel; sourceTree = "<group>"; };
		053A84CB2BEB160500952598 /* Assets.xcassets */ = {isa = PBXFileReference; lastKnownFileType = folder.assetcatalog; path = Assets.xcassets; sourceTree = "<group>"; };
		053A84CE2BEB160500952598 /* Base */ = {isa = PBXFileReference; lastKnownFileType = file.storyboard; name = Base; path = Base.lproj/LaunchScreen.storyboard; sourceTree = "<group>"; };
		053A84D02BEB160500952598 /* Info.plist */ = {isa = PBXFileReference; lastKnownFileType = text.plist.xml; path = Info.plist; sourceTree = "<group>"; };
		053A84D92BEB176F00952598 /* PhotoAlbumViewController.swift */ = {isa = PBXFileReference; lastKnownFileType = sourcecode.swift; path = PhotoAlbumViewController.swift; sourceTree = "<group>"; };
		053A84DB2BEB1A1900952598 /* DataController.swift */ = {isa = PBXFileReference; lastKnownFileType = sourcecode.swift; path = DataController.swift; sourceTree = "<group>"; };
		053A84DF2BEB219F00952598 /* PhotoAlbumCell.swift */ = {isa = PBXFileReference; lastKnownFileType = sourcecode.swift; path = PhotoAlbumCell.swift; sourceTree = "<group>"; };
		053A84E72BEB2B9800952598 /* VirtualTouristClient.swift */ = {isa = PBXFileReference; lastKnownFileType = sourcecode.swift; path = VirtualTouristClient.swift; sourceTree = "<group>"; };
		0546C51B2BEB6BE8002A76D9 /* Pin.swift */ = {isa = PBXFileReference; lastKnownFileType = sourcecode.swift; path = Pin.swift; sourceTree = "<group>"; };
		162DE1BCF065B42386E51392 /* Pods-Virtual Tourist.release.xcconfig */ = {isa = PBXFileReference; includeInIndex = 1; lastKnownFileType = text.xcconfig; name = "Pods-Virtual Tourist.release.xcconfig"; path = "Target Support Files/Pods-Virtual Tourist/Pods-Virtual Tourist.release.xcconfig"; sourceTree = "<group>"; };
		51C40D72E48FAFB1EBAA0603 /* Pods_Virtual_Tourist.framework */ = {isa = PBXFileReference; explicitFileType = wrapper.framework; includeInIndex = 0; path = Pods_Virtual_Tourist.framework; sourceTree = BUILT_PRODUCTS_DIR; };
		5725221797196BAF2994D1B7 /* Pods-Virtual Tourist.debug.xcconfig */ = {isa = PBXFileReference; includeInIndex = 1; lastKnownFileType = text.xcconfig; name = "Pods-Virtual Tourist.debug.xcconfig"; path = "Target Support Files/Pods-Virtual Tourist/Pods-Virtual Tourist.debug.xcconfig"; sourceTree = "<group>"; };
/* End PBXFileReference section */

/* Begin PBXFrameworksBuildPhase section */
		053A84B92BEB160400952598 /* Frameworks */ = {
			isa = PBXFrameworksBuildPhase;
			buildActionMask = 2147483647;
			files = (
				56C36709C49569102ABF23C8 /* Pods_Virtual_Tourist.framework in Frameworks */,
			);
			runOnlyForDeploymentPostprocessing = 0;
		};
/* End PBXFrameworksBuildPhase section */

/* Begin PBXGroup section */
		053A84B32BEB160400952598 = {
			isa = PBXGroup;
			children = (
				053A84BE2BEB160400952598 /* Virtual Tourist */,
				053A84BD2BEB160400952598 /* Products */,
				DB71F11703B24DD85C102439 /* Pods */,
				45268FFD4978B479240CBC55 /* Frameworks */,
			);
			sourceTree = "<group>";
		};
		053A84BD2BEB160400952598 /* Products */ = {
			isa = PBXGroup;
			children = (
				053A84BC2BEB160400952598 /* Virtual Tourist.app */,
			);
			name = Products;
			sourceTree = "<group>";
		};
		053A84BE2BEB160400952598 /* Virtual Tourist */ = {
			isa = PBXGroup;
			children = (
				053A84BF2BEB160400952598 /* AppDelegate.swift */,
				053A84C12BEB160400952598 /* SceneDelegate.swift */,
				053A84D82BEB162A00952598 /* Model */,
				053A84D62BEB160E00952598 /* Controller */,
				053A84D72BEB161D00952598 /* View */,
				053A84CB2BEB160500952598 /* Assets.xcassets */,
				053A84CD2BEB160500952598 /* LaunchScreen.storyboard */,
				053A84D02BEB160500952598 /* Info.plist */,
			);
			path = "Virtual Tourist";
			sourceTree = "<group>";
		};
		053A84D62BEB160E00952598 /* Controller */ = {
			isa = PBXGroup;
			children = (
				053A84C32BEB160400952598 /* TravelLocationsMapViewController.swift */,
				053A84D92BEB176F00952598 /* PhotoAlbumViewController.swift */,
				053A84DF2BEB219F00952598 /* PhotoAlbumCell.swift */,
			);
			path = Controller;
			sourceTree = "<group>";
		};
		053A84D72BEB161D00952598 /* View */ = {
			isa = PBXGroup;
			children = (
				053A84C52BEB160400952598 /* Main.storyboard */,
			);
			path = View;
			sourceTree = "<group>";
		};
		053A84D82BEB162A00952598 /* Model */ = {
			isa = PBXGroup;
			children = (
				053A84C82BEB160400952598 /* Virtual_Tourist.xcdatamodeld */,
				053A84DB2BEB1A1900952598 /* DataController.swift */,
				053A84E72BEB2B9800952598 /* VirtualTouristClient.swift */,
				0546C51B2BEB6BE8002A76D9 /* Pin.swift */,
			);
			path = Model;
			sourceTree = "<group>";
		};
		45268FFD4978B479240CBC55 /* Frameworks */ = {
			isa = PBXGroup;
			children = (
				51C40D72E48FAFB1EBAA0603 /* Pods_Virtual_Tourist.framework */,
			);
			name = Frameworks;
			sourceTree = "<group>";
		};
		DB71F11703B24DD85C102439 /* Pods */ = {
			isa = PBXGroup;
			children = (
				5725221797196BAF2994D1B7 /* Pods-Virtual Tourist.debug.xcconfig */,
				162DE1BCF065B42386E51392 /* Pods-Virtual Tourist.release.xcconfig */,
			);
			path = Pods;
			sourceTree = "<group>";
		};
/* End PBXGroup section */

/* Begin PBXNativeTarget section */
		053A84BB2BEB160400952598 /* Virtual Tourist */ = {
			isa = PBXNativeTarget;
			buildConfigurationList = 053A84D32BEB160500952598 /* Build configuration list for PBXNativeTarget "Virtual Tourist" */;
			buildPhases = (
				1483E0BB8E468B0F8BD64010 /* [CP] Check Pods Manifest.lock */,
				053A84B82BEB160400952598 /* Sources */,
				053A84B92BEB160400952598 /* Frameworks */,
				053A84BA2BEB160400952598 /* Resources */,
				A446932ACAEDE6C80EF9877D /* [CP] Embed Pods Frameworks */,
			);
			buildRules = (
			);
			dependencies = (
			);
			name = "Virtual Tourist";
			productName = "Virtual Tourist";
			productReference = 053A84BC2BEB160400952598 /* Virtual Tourist.app */;
			productType = "com.apple.product-type.application";
		};
/* End PBXNativeTarget section */

/* Begin PBXProject section */
		053A84B42BEB160400952598 /* Project object */ = {
			isa = PBXProject;
			attributes = {
				BuildIndependentTargetsInParallel = 1;
				LastSwiftUpdateCheck = 1530;
				LastUpgradeCheck = 1530;
				TargetAttributes = {
					053A84BB2BEB160400952598 = {
						CreatedOnToolsVersion = 15.3;
					};
				};
			};
			buildConfigurationList = 053A84B72BEB160400952598 /* Build configuration list for PBXProject "Virtual Tourist" */;
			compatibilityVersion = "Xcode 14.0";
			developmentRegion = en;
			hasScannedForEncodings = 0;
			knownRegions = (
				en,
				Base,
			);
			mainGroup = 053A84B32BEB160400952598;
			productRefGroup = 053A84BD2BEB160400952598 /* Products */;
			projectDirPath = "";
			projectRoot = "";
			targets = (
				053A84BB2BEB160400952598 /* Virtual Tourist */,
			);
		};
/* End PBXProject section */

/* Begin PBXResourcesBuildPhase section */
		053A84BA2BEB160400952598 /* Resources */ = {
			isa = PBXResourcesBuildPhase;
			buildActionMask = 2147483647;
			files = (
				053A84CC2BEB160500952598 /* Assets.xcassets in Resources */,
				053A84CF2BEB160500952598 /* Base in Resources */,
				053A84C72BEB160400952598 /* Base in Resources */,
			);
			runOnlyForDeploymentPostprocessing = 0;
		};
/* End PBXResourcesBuildPhase section */

/* Begin PBXShellScriptBuildPhase section */
		1483E0BB8E468B0F8BD64010 /* [CP] Check Pods Manifest.lock */ = {
			isa = PBXShellScriptBuildPhase;
			buildActionMask = 2147483647;
			files = (
			);
			inputFileListPaths = (
			);
			inputPaths = (
				"${PODS_PODFILE_DIR_PATH}/Podfile.lock",
				"${PODS_ROOT}/Manifest.lock",
			);
			name = "[CP] Check Pods Manifest.lock";
			outputFileListPaths = (
			);
			outputPaths = (
				"$(DERIVED_FILE_DIR)/Pods-Virtual Tourist-checkManifestLockResult.txt",
			);
			runOnlyForDeploymentPostprocessing = 0;
			shellPath = /bin/sh;
			shellScript = "diff \"${PODS_PODFILE_DIR_PATH}/Podfile.lock\" \"${PODS_ROOT}/Manifest.lock\" > /dev/null\nif [ $? != 0 ] ; then\n    # print error to STDERR\n    echo \"error: The sandbox is not in sync with the Podfile.lock. Run 'pod install' or update your CocoaPods installation.\" >&2\n    exit 1\nfi\n# This output is used by Xcode 'outputs' to avoid re-running this script phase.\necho \"SUCCESS\" > \"${SCRIPT_OUTPUT_FILE_0}\"\n";
			showEnvVarsInLog = 0;
		};
		A446932ACAEDE6C80EF9877D /* [CP] Embed Pods Frameworks */ = {
			isa = PBXShellScriptBuildPhase;
			buildActionMask = 2147483647;
			files = (
			);
			inputFileListPaths = (
				"${PODS_ROOT}/Target Support Files/Pods-Virtual Tourist/Pods-Virtual Tourist-frameworks-${CONFIGURATION}-input-files.xcfilelist",
			);
			name = "[CP] Embed Pods Frameworks";
			outputFileListPaths = (
				"${PODS_ROOT}/Target Support Files/Pods-Virtual Tourist/Pods-Virtual Tourist-frameworks-${CONFIGURATION}-output-files.xcfilelist",
			);
			runOnlyForDeploymentPostprocessing = 0;
			shellPath = /bin/sh;
			shellScript = "\"${PODS_ROOT}/Target Support Files/Pods-Virtual Tourist/Pods-Virtual Tourist-frameworks.sh\"\n";
			showEnvVarsInLog = 0;
		};
/* End PBXShellScriptBuildPhase section */

/* Begin PBXSourcesBuildPhase section */
		053A84B82BEB160400952598 /* Sources */ = {
			isa = PBXSourcesBuildPhase;
			buildActionMask = 2147483647;
			files = (
				053A84CA2BEB160400952598 /* Virtual_Tourist.xcdatamodeld in Sources */,
				053A84DC2BEB1A1900952598 /* DataController.swift in Sources */,
				053A84C42BEB160400952598 /* TravelLocationsMapViewController.swift in Sources */,
				053A84C02BEB160400952598 /* AppDelegate.swift in Sources */,
				053A84DA2BEB176F00952598 /* PhotoAlbumViewController.swift in Sources */,
				053A84E82BEB2B9800952598 /* VirtualTouristClient.swift in Sources */,
				053A84C22BEB160400952598 /* SceneDelegate.swift in Sources */,
				0546C51C2BEB6BE8002A76D9 /* Pin.swift in Sources */,
				053A84E02BEB219F00952598 /* PhotoAlbumCell.swift in Sources */,
			);
			runOnlyForDeploymentPostprocessing = 0;
		};
/* End PBXSourcesBuildPhase section */

/* Begin PBXVariantGroup section */
		053A84C52BEB160400952598 /* Main.storyboard */ = {
			isa = PBXVariantGroup;
			children = (
				053A84C62BEB160400952598 /* Base */,
			);
			name = Main.storyboard;
			sourceTree = "<group>";
		};
		053A84CD2BEB160500952598 /* LaunchScreen.storyboard */ = {
			isa = PBXVariantGroup;
			children = (
				053A84CE2BEB160500952598 /* Base */,
			);
			name = LaunchScreen.storyboard;
			sourceTree = "<group>";
		};
/* End PBXVariantGroup section */

/* Begin XCBuildConfiguration section */
		053A84D12BEB160500952598 /* Debug */ = {
			isa = XCBuildConfiguration;
			buildSettings = {
				ALWAYS_SEARCH_USER_PATHS = NO;
				ASSETCATALOG_COMPILER_GENERATE_SWIFT_ASSET_SYMBOL_EXTENSIONS = YES;
				CLANG_ANALYZER_NONNULL = YES;
				CLANG_ANALYZER_NUMBER_OBJECT_CONVERSION = YES_AGGRESSIVE;
				CLANG_CXX_LANGUAGE_STANDARD = "gnu++20";
				CLANG_ENABLE_MODULES = YES;
				CLANG_ENABLE_OBJC_ARC = YES;
				CLANG_ENABLE_OBJC_WEAK = YES;
				CLANG_WARN_BLOCK_CAPTURE_AUTORELEASING = YES;
				CLANG_WARN_BOOL_CONVERSION = YES;
				CLANG_WARN_COMMA = YES;
				CLANG_WARN_CONSTANT_CONVERSION = YES;
				CLANG_WARN_DEPRECATED_OBJC_IMPLEMENTATIONS = YES;
				CLANG_WARN_DIRECT_OBJC_ISA_USAGE = YES_ERROR;
				CLANG_WARN_DOCUMENTATION_COMMENTS = YES;
				CLANG_WARN_EMPTY_BODY = YES;
				CLANG_WARN_ENUM_CONVERSION = YES;
				CLANG_WARN_INFINITE_RECURSION = YES;
				CLANG_WARN_INT_CONVERSION = YES;
				CLANG_WARN_NON_LITERAL_NULL_CONVERSION = YES;
				CLANG_WARN_OBJC_IMPLICIT_RETAIN_SELF = YES;
				CLANG_WARN_OBJC_LITERAL_CONVERSION = YES;
				CLANG_WARN_OBJC_ROOT_CLASS = YES_ERROR;
				CLANG_WARN_QUOTED_INCLUDE_IN_FRAMEWORK_HEADER = YES;
				CLANG_WARN_RANGE_LOOP_ANALYSIS = YES;
				CLANG_WARN_STRICT_PROTOTYPES = YES;
				CLANG_WARN_SUSPICIOUS_MOVE = YES;
				CLANG_WARN_UNGUARDED_AVAILABILITY = YES_AGGRESSIVE;
				CLANG_WARN_UNREACHABLE_CODE = YES;
				CLANG_WARN__DUPLICATE_METHOD_MATCH = YES;
				COPY_PHASE_STRIP = NO;
				DEBUG_INFORMATION_FORMAT = dwarf;
				ENABLE_STRICT_OBJC_MSGSEND = YES;
				ENABLE_TESTABILITY = YES;
				ENABLE_USER_SCRIPT_SANDBOXING = YES;
				GCC_C_LANGUAGE_STANDARD = gnu17;
				GCC_DYNAMIC_NO_PIC = NO;
				GCC_NO_COMMON_BLOCKS = YES;
				GCC_OPTIMIZATION_LEVEL = 0;
				GCC_PREPROCESSOR_DEFINITIONS = (
					"DEBUG=1",
					"$(inherited)",
				);
				GCC_WARN_64_TO_32_BIT_CONVERSION = YES;
				GCC_WARN_ABOUT_RETURN_TYPE = YES_ERROR;
				GCC_WARN_UNDECLARED_SELECTOR = YES;
				GCC_WARN_UNINITIALIZED_AUTOS = YES_AGGRESSIVE;
				GCC_WARN_UNUSED_FUNCTION = YES;
				GCC_WARN_UNUSED_VARIABLE = YES;
				IPHONEOS_DEPLOYMENT_TARGET = 17.4;
				LOCALIZATION_PREFERS_STRING_CATALOGS = YES;
				MTL_ENABLE_DEBUG_INFO = INCLUDE_SOURCE;
				MTL_FAST_MATH = YES;
				ONLY_ACTIVE_ARCH = YES;
				SDKROOT = iphoneos;
				SWIFT_ACTIVE_COMPILATION_CONDITIONS = "DEBUG $(inherited)";
				SWIFT_OPTIMIZATION_LEVEL = "-Onone";
			};
			name = Debug;
		};
		053A84D22BEB160500952598 /* Release */ = {
			isa = XCBuildConfiguration;
			buildSettings = {
				ALWAYS_SEARCH_USER_PATHS = NO;
				ASSETCATALOG_COMPILER_GENERATE_SWIFT_ASSET_SYMBOL_EXTENSIONS = YES;
				CLANG_ANALYZER_NONNULL = YES;
				CLANG_ANALYZER_NUMBER_OBJECT_CONVERSION = YES_AGGRESSIVE;
				CLANG_CXX_LANGUAGE_STANDARD = "gnu++20";
				CLANG_ENABLE_MODULES = YES;
				CLANG_ENABLE_OBJC_ARC = YES;
				CLANG_ENABLE_OBJC_WEAK = YES;
				CLANG_WARN_BLOCK_CAPTURE_AUTORELEASING = YES;
				CLANG_WARN_BOOL_CONVERSION = YES;
				CLANG_WARN_COMMA = YES;
				CLANG_WARN_CONSTANT_CONVERSION = YES;
				CLANG_WARN_DEPRECATED_OBJC_IMPLEMENTATIONS = YES;
				CLANG_WARN_DIRECT_OBJC_ISA_USAGE = YES_ERROR;
				CLANG_WARN_DOCUMENTATION_COMMENTS = YES;
				CLANG_WARN_EMPTY_BODY = YES;
				CLANG_WARN_ENUM_CONVERSION = YES;
				CLANG_WARN_INFINITE_RECURSION = YES;
				CLANG_WARN_INT_CONVERSION = YES;
				CLANG_WARN_NON_LITERAL_NULL_CONVERSION = YES;
				CLANG_WARN_OBJC_IMPLICIT_RETAIN_SELF = YES;
				CLANG_WARN_OBJC_LITERAL_CONVERSION = YES;
				CLANG_WARN_OBJC_ROOT_CLASS = YES_ERROR;
				CLANG_WARN_QUOTED_INCLUDE_IN_FRAMEWORK_HEADER = YES;
				CLANG_WARN_RANGE_LOOP_ANALYSIS = YES;
				CLANG_WARN_STRICT_PROTOTYPES = YES;
				CLANG_WARN_SUSPICIOUS_MOVE = YES;
				CLANG_WARN_UNGUARDED_AVAILABILITY = YES_AGGRESSIVE;
				CLANG_WARN_UNREACHABLE_CODE = YES;
				CLANG_WARN__DUPLICATE_METHOD_MATCH = YES;
				COPY_PHASE_STRIP = NO;
				DEBUG_INFORMATION_FORMAT = "dwarf-with-dsym";
				ENABLE_NS_ASSERTIONS = NO;
				ENABLE_STRICT_OBJC_MSGSEND = YES;
				ENABLE_USER_SCRIPT_SANDBOXING = YES;
				GCC_C_LANGUAGE_STANDARD = gnu17;
				GCC_NO_COMMON_BLOCKS = YES;
				GCC_WARN_64_TO_32_BIT_CONVERSION = YES;
				GCC_WARN_ABOUT_RETURN_TYPE = YES_ERROR;
				GCC_WARN_UNDECLARED_SELECTOR = YES;
				GCC_WARN_UNINITIALIZED_AUTOS = YES_AGGRESSIVE;
				GCC_WARN_UNUSED_FUNCTION = YES;
				GCC_WARN_UNUSED_VARIABLE = YES;
				IPHONEOS_DEPLOYMENT_TARGET = 17.4;
				LOCALIZATION_PREFERS_STRING_CATALOGS = YES;
				MTL_ENABLE_DEBUG_INFO = NO;
				MTL_FAST_MATH = YES;
				SDKROOT = iphoneos;
				SWIFT_COMPILATION_MODE = wholemodule;
				VALIDATE_PRODUCT = YES;
			};
			name = Release;
		};
		053A84D42BEB160500952598 /* Debug */ = {
			isa = XCBuildConfiguration;
			baseConfigurationReference = 5725221797196BAF2994D1B7 /* Pods-Virtual Tourist.debug.xcconfig */;
			buildSettings = {
				ASSETCATALOG_COMPILER_APPICON_NAME = AppIcon;
				ASSETCATALOG_COMPILER_GLOBAL_ACCENT_COLOR_NAME = AccentColor;
				CODE_SIGN_STYLE = Automatic;
				CURRENT_PROJECT_VERSION = 1;
				DEVELOPMENT_TEAM = 445RY23BPP;
				ENABLE_USER_SCRIPT_SANDBOXING = NO;
				GENERATE_INFOPLIST_FILE = YES;
				INFOPLIST_FILE = "Virtual Tourist/Info.plist";
				INFOPLIST_KEY_UIApplicationSupportsIndirectInputEvents = YES;
				INFOPLIST_KEY_UILaunchStoryboardName = LaunchScreen;
				INFOPLIST_KEY_UIMainStoryboardFile = Main;
				INFOPLIST_KEY_UISupportedInterfaceOrientations_iPad = "UIInterfaceOrientationPortrait UIInterfaceOrientationPortraitUpsideDown UIInterfaceOrientationLandscapeLeft UIInterfaceOrientationLandscapeRight";
				INFOPLIST_KEY_UISupportedInterfaceOrientations_iPhone = "UIInterfaceOrientationPortrait UIInterfaceOrientationLandscapeLeft UIInterfaceOrientationLandscapeRight";
				LD_RUNPATH_SEARCH_PATHS = (
					"$(inherited)",
					"@executable_path/Frameworks",
				);
				MARKETING_VERSION = 1.0;
				PRODUCT_BUNDLE_IDENTIFIER = "com.thanh.Virtual-Tourist";
				PRODUCT_NAME = "$(TARGET_NAME)";
				SWIFT_EMIT_LOC_STRINGS = YES;
				SWIFT_VERSION = 5.0;
				TARGETED_DEVICE_FAMILY = "1,2";
			};
			name = Debug;
		};
		053A84D52BEB160500952598 /* Release */ = {
			isa = XCBuildConfiguration;
			baseConfigurationReference = 162DE1BCF065B42386E51392 /* Pods-Virtual Tourist.release.xcconfig */;
			buildSettings = {
				ASSETCATALOG_COMPILER_APPICON_NAME = AppIcon;
				ASSETCATALOG_COMPILER_GLOBAL_ACCENT_COLOR_NAME = AccentColor;
				CODE_SIGN_STYLE = Automatic;
				CURRENT_PROJECT_VERSION = 1;
				DEVELOPMENT_TEAM = 445RY23BPP;
				ENABLE_USER_SCRIPT_SANDBOXING = NO;
				GENERATE_INFOPLIST_FILE = YES;
				INFOPLIST_FILE = "Virtual Tourist/Info.plist";
				INFOPLIST_KEY_UIApplicationSupportsIndirectInputEvents = YES;
				INFOPLIST_KEY_UILaunchStoryboardName = LaunchScreen;
				INFOPLIST_KEY_UIMainStoryboardFile = Main;
				INFOPLIST_KEY_UISupportedInterfaceOrientations_iPad = "UIInterfaceOrientationPortrait UIInterfaceOrientationPortraitUpsideDown UIInterfaceOrientationLandscapeLeft UIInterfaceOrientationLandscapeRight";
				INFOPLIST_KEY_UISupportedInterfaceOrientations_iPhone = "UIInterfaceOrientationPortrait UIInterfaceOrientationLandscapeLeft UIInterfaceOrientationLandscapeRight";
				LD_RUNPATH_SEARCH_PATHS = (
					"$(inherited)",
					"@executable_path/Frameworks",
				);
				MARKETING_VERSION = 1.0;
				PRODUCT_BUNDLE_IDENTIFIER = "com.thanh.Virtual-Tourist";
				PRODUCT_NAME = "$(TARGET_NAME)";
				SWIFT_EMIT_LOC_STRINGS = YES;
				SWIFT_VERSION = 5.0;
				TARGETED_DEVICE_FAMILY = "1,2";
			};
			name = Release;
		};
/* End XCBuildConfiguration section */

/* Begin XCConfigurationList section */
		053A84B72BEB160400952598 /* Build configuration list for PBXProject "Virtual Tourist" */ = {
			isa = XCConfigurationList;
			buildConfigurations = (
				053A84D12BEB160500952598 /* Debug */,
				053A84D22BEB160500952598 /* Release */,
			);
			defaultConfigurationIsVisible = 0;
			defaultConfigurationName = Release;
		};
		053A84D32BEB160500952598 /* Build configuration list for PBXNativeTarget "Virtual Tourist" */ = {
			isa = XCConfigurationList;
			buildConfigurations = (
				053A84D42BEB160500952598 /* Debug */,
				053A84D52BEB160500952598 /* Release */,
			);
			defaultConfigurationIsVisible = 0;
			defaultConfigurationName = Release;
		};
/* End XCConfigurationList section */

/* Begin XCVersionGroup section */
		053A84C82BEB160400952598 /* Virtual_Tourist.xcdatamodeld */ = {
			isa = XCVersionGroup;
			children = (
				053A84C92BEB160400952598 /* Virtual_Tourist.xcdatamodel */,
			);
			currentVersion = 053A84C92BEB160400952598 /* Virtual_Tourist.xcdatamodel */;
			path = Virtual_Tourist.xcdatamodeld;
			sourceTree = "<group>";
			versionGroupType = wrapper.xcdatamodel;
		};
/* End XCVersionGroup section */
	};
	rootObject = 053A84B42BEB160400952598 /* Project object */;
}
